# This file is automatically @generated by Poetry 2.1.1 and should not be changed by hand.

[[package]]
name = "attrs"
version = "23.1.0"
description = "Classes Without Boilerplate"
optional = false
python-versions = ">=3.7"
groups = ["dev"]
files = [
    {file = "attrs-23.1.0-py3-none-any.whl", hash = "sha256:1f28b4522cdc2fb4256ac1a020c78acf9cba2c6b461ccd2c126f3aa8e8335d04"},
    {file = "attrs-23.1.0.tar.gz", hash = "sha256:6279836d581513a26f1bf235f9acd333bc9115683f14f7e8fae46c98fc50e015"},
]

[package.extras]
cov = ["attrs[tests]", "coverage[toml] (>=5.3)"]
dev = ["attrs[docs,tests]", "pre-commit"]
docs = ["furo", "myst-parser", "sphinx", "sphinx-notfound-page", "sphinxcontrib-towncrier", "towncrier", "zope-interface"]
tests = ["attrs[tests-no-zope]", "zope-interface"]
tests-no-zope = ["cloudpickle ; platform_python_implementation == \"CPython\"", "hypothesis", "mypy (>=1.1.1) ; platform_python_implementation == \"CPython\"", "pympler", "pytest (>=4.3.0)", "pytest-mypy-plugins ; platform_python_implementation == \"CPython\" and python_version < \"3.11\"", "pytest-xdist[psutil]"]

[[package]]
name = "certifi"
version = "2023.11.17"
description = "Python package for providing Mozilla's CA Bundle."
optional = false
python-versions = ">=3.6"
groups = ["main"]
files = [
    {file = "certifi-2023.11.17-py3-none-any.whl", hash = "sha256:e036ab49d5b79556f99cfc2d9320b34cfbe5be05c5871b51de9329f0603b0474"},
    {file = "certifi-2023.11.17.tar.gz", hash = "sha256:9b469f3a900bf28dc19b8cfbf8019bf47f7fdd1a65a1d4ffb98fc14166beb4d1"},
]

[[package]]
name = "charset-normalizer"
version = "3.3.2"
description = "The Real First Universal Charset Detector. Open, modern and actively maintained alternative to Chardet."
optional = false
python-versions = ">=3.7.0"
groups = ["main"]
files = [
    {file = "charset-normalizer-3.3.2.tar.gz", hash = "sha256:f30c3cb33b24454a82faecaf01b19c18562b1e89558fb6c56de4d9118a032fd5"},
    {file = "charset_normalizer-3.3.2-cp310-cp310-macosx_10_9_universal2.whl", hash = "sha256:25baf083bf6f6b341f4121c2f3c548875ee6f5339300e08be3f2b2ba1721cdd3"},
    {file = "charset_normalizer-3.3.2-cp310-cp310-macosx_10_9_x86_64.whl", hash = "sha256:06435b539f889b1f6f4ac1758871aae42dc3a8c0e24ac9e60c2384973ad73027"},
    {file = "charset_normalizer-3.3.2-cp310-cp310-macosx_11_0_arm64.whl", hash = "sha256:9063e24fdb1e498ab71cb7419e24622516c4a04476b17a2dab57e8baa30d6e03"},
    {file = "charset_normalizer-3.3.2-cp310-cp310-manylinux_2_17_aarch64.manylinux2014_aarch64.whl", hash = "sha256:6897af51655e3691ff853668779c7bad41579facacf5fd7253b0133308cf000d"},
    {file = "charset_normalizer-3.3.2-cp310-cp310-manylinux_2_17_ppc64le.manylinux2014_ppc64le.whl", hash = "sha256:1d3193f4a680c64b4b6a9115943538edb896edc190f0b222e73761716519268e"},
    {file = "charset_normalizer-3.3.2-cp310-cp310-manylinux_2_17_s390x.manylinux2014_s390x.whl", hash = "sha256:cd70574b12bb8a4d2aaa0094515df2463cb429d8536cfb6c7ce983246983e5a6"},
    {file = "charset_normalizer-3.3.2-cp310-cp310-manylinux_2_17_x86_64.manylinux2014_x86_64.whl", hash = "sha256:8465322196c8b4d7ab6d1e049e4c5cb460d0394da4a27d23cc242fbf0034b6b5"},
    {file = "charset_normalizer-3.3.2-cp310-cp310-manylinux_2_5_i686.manylinux1_i686.manylinux_2_17_i686.manylinux2014_i686.whl", hash = "sha256:a9a8e9031d613fd2009c182b69c7b2c1ef8239a0efb1df3f7c8da66d5dd3d537"},
    {file = "charset_normalizer-3.3.2-cp310-cp310-musllinux_1_1_aarch64.whl", hash = "sha256:beb58fe5cdb101e3a055192ac291b7a21e3b7ef4f67fa1d74e331a7f2124341c"},
    {file = "charset_normalizer-3.3.2-cp310-cp310-musllinux_1_1_i686.whl", hash = "sha256:e06ed3eb3218bc64786f7db41917d4e686cc4856944f53d5bdf83a6884432e12"},
    {file = "charset_normalizer-3.3.2-cp310-cp310-musllinux_1_1_ppc64le.whl", hash = "sha256:2e81c7b9c8979ce92ed306c249d46894776a909505d8f5a4ba55b14206e3222f"},
    {file = "charset_normalizer-3.3.2-cp310-cp310-musllinux_1_1_s390x.whl", hash = "sha256:572c3763a264ba47b3cf708a44ce965d98555f618ca42c926a9c1616d8f34269"},
    {file = "charset_normalizer-3.3.2-cp310-cp310-musllinux_1_1_x86_64.whl", hash = "sha256:fd1abc0d89e30cc4e02e4064dc67fcc51bd941eb395c502aac3ec19fab46b519"},
    {file = "charset_normalizer-3.3.2-cp310-cp310-win32.whl", hash = "sha256:3d47fa203a7bd9c5b6cee4736ee84ca03b8ef23193c0d1ca99b5089f72645c73"},
    {file = "charset_normalizer-3.3.2-cp310-cp310-win_amd64.whl", hash = "sha256:10955842570876604d404661fbccbc9c7e684caf432c09c715ec38fbae45ae09"},
    {file = "charset_normalizer-3.3.2-cp311-cp311-macosx_10_9_universal2.whl", hash = "sha256:802fe99cca7457642125a8a88a084cef28ff0cf9407060f7b93dca5aa25480db"},
    {file = "charset_normalizer-3.3.2-cp311-cp311-macosx_10_9_x86_64.whl", hash = "sha256:573f6eac48f4769d667c4442081b1794f52919e7edada77495aaed9236d13a96"},
    {file = "charset_normalizer-3.3.2-cp311-cp311-macosx_11_0_arm64.whl", hash = "sha256:549a3a73da901d5bc3ce8d24e0600d1fa85524c10287f6004fbab87672bf3e1e"},
    {file = "charset_normalizer-3.3.2-cp311-cp311-manylinux_2_17_aarch64.manylinux2014_aarch64.whl", hash = "sha256:f27273b60488abe721a075bcca6d7f3964f9f6f067c8c4c605743023d7d3944f"},
    {file = "charset_normalizer-3.3.2-cp311-cp311-manylinux_2_17_ppc64le.manylinux2014_ppc64le.whl", hash = "sha256:1ceae2f17a9c33cb48e3263960dc5fc8005351ee19db217e9b1bb15d28c02574"},
    {file = "charset_normalizer-3.3.2-cp311-cp311-manylinux_2_17_s390x.manylinux2014_s390x.whl", hash = "sha256:65f6f63034100ead094b8744b3b97965785388f308a64cf8d7c34f2f2e5be0c4"},
    {file = "charset_normalizer-3.3.2-cp311-cp311-manylinux_2_17_x86_64.manylinux2014_x86_64.whl", hash = "sha256:753f10e867343b4511128c6ed8c82f7bec3bd026875576dfd88483c5c73b2fd8"},
    {file = "charset_normalizer-3.3.2-cp311-cp311-manylinux_2_5_i686.manylinux1_i686.manylinux_2_17_i686.manylinux2014_i686.whl", hash = "sha256:4a78b2b446bd7c934f5dcedc588903fb2f5eec172f3d29e52a9096a43722adfc"},
    {file = "charset_normalizer-3.3.2-cp311-cp311-musllinux_1_1_aarch64.whl", hash = "sha256:e537484df0d8f426ce2afb2d0f8e1c3d0b114b83f8850e5f2fbea0e797bd82ae"},
    {file = "charset_normalizer-3.3.2-cp311-cp311-musllinux_1_1_i686.whl", hash = "sha256:eb6904c354526e758fda7167b33005998fb68c46fbc10e013ca97f21ca5c8887"},
    {file = "charset_normalizer-3.3.2-cp311-cp311-musllinux_1_1_ppc64le.whl", hash = "sha256:deb6be0ac38ece9ba87dea880e438f25ca3eddfac8b002a2ec3d9183a454e8ae"},
    {file = "charset_normalizer-3.3.2-cp311-cp311-musllinux_1_1_s390x.whl", hash = "sha256:4ab2fe47fae9e0f9dee8c04187ce5d09f48eabe611be8259444906793ab7cbce"},
    {file = "charset_normalizer-3.3.2-cp311-cp311-musllinux_1_1_x86_64.whl", hash = "sha256:80402cd6ee291dcb72644d6eac93785fe2c8b9cb30893c1af5b8fdd753b9d40f"},
    {file = "charset_normalizer-3.3.2-cp311-cp311-win32.whl", hash = "sha256:7cd13a2e3ddeed6913a65e66e94b51d80a041145a026c27e6bb76c31a853c6ab"},
    {file = "charset_normalizer-3.3.2-cp311-cp311-win_amd64.whl", hash = "sha256:663946639d296df6a2bb2aa51b60a2454ca1cb29835324c640dafb5ff2131a77"},
    {file = "charset_normalizer-3.3.2-cp312-cp312-macosx_10_9_universal2.whl", hash = "sha256:0b2b64d2bb6d3fb9112bafa732def486049e63de9618b5843bcdd081d8144cd8"},
    {file = "charset_normalizer-3.3.2-cp312-cp312-macosx_10_9_x86_64.whl", hash = "sha256:ddbb2551d7e0102e7252db79ba445cdab71b26640817ab1e3e3648dad515003b"},
    {file = "charset_normalizer-3.3.2-cp312-cp312-macosx_11_0_arm64.whl", hash = "sha256:55086ee1064215781fff39a1af09518bc9255b50d6333f2e4c74ca09fac6a8f6"},
    {file = "charset_normalizer-3.3.2-cp312-cp312-manylinux_2_17_aarch64.manylinux2014_aarch64.whl", hash = "sha256:8f4a014bc36d3c57402e2977dada34f9c12300af536839dc38c0beab8878f38a"},
    {file = "charset_normalizer-3.3.2-cp312-cp312-manylinux_2_17_ppc64le.manylinux2014_ppc64le.whl", hash = "sha256:a10af20b82360ab00827f916a6058451b723b4e65030c5a18577c8b2de5b3389"},
    {file = "charset_normalizer-3.3.2-cp312-cp312-manylinux_2_17_s390x.manylinux2014_s390x.whl", hash = "sha256:8d756e44e94489e49571086ef83b2bb8ce311e730092d2c34ca8f7d925cb20aa"},
    {file = "charset_normalizer-3.3.2-cp312-cp312-manylinux_2_17_x86_64.manylinux2014_x86_64.whl", hash = "sha256:90d558489962fd4918143277a773316e56c72da56ec7aa3dc3dbbe20fdfed15b"},
    {file = "charset_normalizer-3.3.2-cp312-cp312-manylinux_2_5_i686.manylinux1_i686.manylinux_2_17_i686.manylinux2014_i686.whl", hash = "sha256:6ac7ffc7ad6d040517be39eb591cac5ff87416c2537df6ba3cba3bae290c0fed"},
    {file = "charset_normalizer-3.3.2-cp312-cp312-musllinux_1_1_aarch64.whl", hash = "sha256:7ed9e526742851e8d5cc9e6cf41427dfc6068d4f5a3bb03659444b4cabf6bc26"},
    {file = "charset_normalizer-3.3.2-cp312-cp312-musllinux_1_1_i686.whl", hash = "sha256:8bdb58ff7ba23002a4c5808d608e4e6c687175724f54a5dade5fa8c67b604e4d"},
    {file = "charset_normalizer-3.3.2-cp312-cp312-musllinux_1_1_ppc64le.whl", hash = "sha256:6b3251890fff30ee142c44144871185dbe13b11bab478a88887a639655be1068"},
    {file = "charset_normalizer-3.3.2-cp312-cp312-musllinux_1_1_s390x.whl", hash = "sha256:b4a23f61ce87adf89be746c8a8974fe1c823c891d8f86eb218bb957c924bb143"},
    {file = "charset_normalizer-3.3.2-cp312-cp312-musllinux_1_1_x86_64.whl", hash = "sha256:efcb3f6676480691518c177e3b465bcddf57cea040302f9f4e6e191af91174d4"},
    {file = "charset_normalizer-3.3.2-cp312-cp312-win32.whl", hash = "sha256:d965bba47ddeec8cd560687584e88cf699fd28f192ceb452d1d7ee807c5597b7"},
    {file = "charset_normalizer-3.3.2-cp312-cp312-win_amd64.whl", hash = "sha256:96b02a3dc4381e5494fad39be677abcb5e6634bf7b4fa83a6dd3112607547001"},
    {file = "charset_normalizer-3.3.2-cp37-cp37m-macosx_10_9_x86_64.whl", hash = "sha256:95f2a5796329323b8f0512e09dbb7a1860c46a39da62ecb2324f116fa8fdc85c"},
    {file = "charset_normalizer-3.3.2-cp37-cp37m-manylinux_2_17_aarch64.manylinux2014_aarch64.whl", hash = "sha256:c002b4ffc0be611f0d9da932eb0f704fe2602a9a949d1f738e4c34c75b0863d5"},
    {file = "charset_normalizer-3.3.2-cp37-cp37m-manylinux_2_17_ppc64le.manylinux2014_ppc64le.whl", hash = "sha256:a981a536974bbc7a512cf44ed14938cf01030a99e9b3a06dd59578882f06f985"},
    {file = "charset_normalizer-3.3.2-cp37-cp37m-manylinux_2_17_s390x.manylinux2014_s390x.whl", hash = "sha256:3287761bc4ee9e33561a7e058c72ac0938c4f57fe49a09eae428fd88aafe7bb6"},
    {file = "charset_normalizer-3.3.2-cp37-cp37m-manylinux_2_17_x86_64.manylinux2014_x86_64.whl", hash = "sha256:42cb296636fcc8b0644486d15c12376cb9fa75443e00fb25de0b8602e64c1714"},
    {file = "charset_normalizer-3.3.2-cp37-cp37m-manylinux_2_5_i686.manylinux1_i686.manylinux_2_17_i686.manylinux2014_i686.whl", hash = "sha256:0a55554a2fa0d408816b3b5cedf0045f4b8e1a6065aec45849de2d6f3f8e9786"},
    {file = "charset_normalizer-3.3.2-cp37-cp37m-musllinux_1_1_aarch64.whl", hash = "sha256:c083af607d2515612056a31f0a8d9e0fcb5876b7bfc0abad3ecd275bc4ebc2d5"},
    {file = "charset_normalizer-3.3.2-cp37-cp37m-musllinux_1_1_i686.whl", hash = "sha256:87d1351268731db79e0f8e745d92493ee2841c974128ef629dc518b937d9194c"},
    {file = "charset_normalizer-3.3.2-cp37-cp37m-musllinux_1_1_ppc64le.whl", hash = "sha256:bd8f7df7d12c2db9fab40bdd87a7c09b1530128315d047a086fa3ae3435cb3a8"},
    {file = "charset_normalizer-3.3.2-cp37-cp37m-musllinux_1_1_s390x.whl", hash = "sha256:c180f51afb394e165eafe4ac2936a14bee3eb10debc9d9e4db8958fe36afe711"},
    {file = "charset_normalizer-3.3.2-cp37-cp37m-musllinux_1_1_x86_64.whl", hash = "sha256:8c622a5fe39a48f78944a87d4fb8a53ee07344641b0562c540d840748571b811"},
    {file = "charset_normalizer-3.3.2-cp37-cp37m-win32.whl", hash = "sha256:db364eca23f876da6f9e16c9da0df51aa4f104a972735574842618b8c6d999d4"},
    {file = "charset_normalizer-3.3.2-cp37-cp37m-win_amd64.whl", hash = "sha256:86216b5cee4b06df986d214f664305142d9c76df9b6512be2738aa72a2048f99"},
    {file = "charset_normalizer-3.3.2-cp38-cp38-macosx_10_9_universal2.whl", hash = "sha256:6463effa3186ea09411d50efc7d85360b38d5f09b870c48e4600f63af490e56a"},
    {file = "charset_normalizer-3.3.2-cp38-cp38-macosx_10_9_x86_64.whl", hash = "sha256:6c4caeef8fa63d06bd437cd4bdcf3ffefe6738fb1b25951440d80dc7df8c03ac"},
    {file = "charset_normalizer-3.3.2-cp38-cp38-macosx_11_0_arm64.whl", hash = "sha256:37e55c8e51c236f95b033f6fb391d7d7970ba5fe7ff453dad675e88cf303377a"},
    {file = "charset_normalizer-3.3.2-cp38-cp38-manylinux_2_17_aarch64.manylinux2014_aarch64.whl", hash = "sha256:fb69256e180cb6c8a894fee62b3afebae785babc1ee98b81cdf68bbca1987f33"},
    {file = "charset_normalizer-3.3.2-cp38-cp38-manylinux_2_17_ppc64le.manylinux2014_ppc64le.whl", hash = "sha256:ae5f4161f18c61806f411a13b0310bea87f987c7d2ecdbdaad0e94eb2e404238"},
    {file = "charset_normalizer-3.3.2-cp38-cp38-manylinux_2_17_s390x.manylinux2014_s390x.whl", hash = "sha256:b2b0a0c0517616b6869869f8c581d4eb2dd83a4d79e0ebcb7d373ef9956aeb0a"},
    {file = "charset_normalizer-3.3.2-cp38-cp38-manylinux_2_17_x86_64.manylinux2014_x86_64.whl", hash = "sha256:45485e01ff4d3630ec0d9617310448a8702f70e9c01906b0d0118bdf9d124cf2"},
    {file = "charset_normalizer-3.3.2-cp38-cp38-manylinux_2_5_i686.manylinux1_i686.manylinux_2_17_i686.manylinux2014_i686.whl", hash = "sha256:eb00ed941194665c332bf8e078baf037d6c35d7c4f3102ea2d4f16ca94a26dc8"},
    {file = "charset_normalizer-3.3.2-cp38-cp38-musllinux_1_1_aarch64.whl", hash = "sha256:2127566c664442652f024c837091890cb1942c30937add288223dc895793f898"},
    {file = "charset_normalizer-3.3.2-cp38-cp38-musllinux_1_1_i686.whl", hash = "sha256:a50aebfa173e157099939b17f18600f72f84eed3049e743b68ad15bd69b6bf99"},
    {file = "charset_normalizer-3.3.2-cp38-cp38-musllinux_1_1_ppc64le.whl", hash = "sha256:4d0d1650369165a14e14e1e47b372cfcb31d6ab44e6e33cb2d4e57265290044d"},
    {file = "charset_normalizer-3.3.2-cp38-cp38-musllinux_1_1_s390x.whl", hash = "sha256:923c0c831b7cfcb071580d3f46c4baf50f174be571576556269530f4bbd79d04"},
    {file = "charset_normalizer-3.3.2-cp38-cp38-musllinux_1_1_x86_64.whl", hash = "sha256:06a81e93cd441c56a9b65d8e1d043daeb97a3d0856d177d5c90ba85acb3db087"},
    {file = "charset_normalizer-3.3.2-cp38-cp38-win32.whl", hash = "sha256:6ef1d82a3af9d3eecdba2321dc1b3c238245d890843e040e41e470ffa64c3e25"},
    {file = "charset_normalizer-3.3.2-cp38-cp38-win_amd64.whl", hash = "sha256:eb8821e09e916165e160797a6c17edda0679379a4be5c716c260e836e122f54b"},
    {file = "charset_normalizer-3.3.2-cp39-cp39-macosx_10_9_universal2.whl", hash = "sha256:c235ebd9baae02f1b77bcea61bce332cb4331dc3617d254df3323aa01ab47bd4"},
    {file = "charset_normalizer-3.3.2-cp39-cp39-macosx_10_9_x86_64.whl", hash = "sha256:5b4c145409bef602a690e7cfad0a15a55c13320ff7a3ad7ca59c13bb8ba4d45d"},
    {file = "charset_normalizer-3.3.2-cp39-cp39-macosx_11_0_arm64.whl", hash = "sha256:68d1f8a9e9e37c1223b656399be5d6b448dea850bed7d0f87a8311f1ff3dabb0"},
    {file = "charset_normalizer-3.3.2-cp39-cp39-manylinux_2_17_aarch64.manylinux2014_aarch64.whl", hash = "sha256:22afcb9f253dac0696b5a4be4a1c0f8762f8239e21b99680099abd9b2b1b2269"},
    {file = "charset_normalizer-3.3.2-cp39-cp39-manylinux_2_17_ppc64le.manylinux2014_ppc64le.whl", hash = "sha256:e27ad930a842b4c5eb8ac0016b0a54f5aebbe679340c26101df33424142c143c"},
    {file = "charset_normalizer-3.3.2-cp39-cp39-manylinux_2_17_s390x.manylinux2014_s390x.whl", hash = "sha256:1f79682fbe303db92bc2b1136016a38a42e835d932bab5b3b1bfcfbf0640e519"},
    {file = "charset_normalizer-3.3.2-cp39-cp39-manylinux_2_17_x86_64.manylinux2014_x86_64.whl", hash = "sha256:b261ccdec7821281dade748d088bb6e9b69e6d15b30652b74cbbac25e280b796"},
    {file = "charset_normalizer-3.3.2-cp39-cp39-manylinux_2_5_i686.manylinux1_i686.manylinux_2_17_i686.manylinux2014_i686.whl", hash = "sha256:122c7fa62b130ed55f8f285bfd56d5f4b4a5b503609d181f9ad85e55c89f4185"},
    {file = "charset_normalizer-3.3.2-cp39-cp39-musllinux_1_1_aarch64.whl", hash = "sha256:d0eccceffcb53201b5bfebb52600a5fb483a20b61da9dbc885f8b103cbe7598c"},
    {file = "charset_normalizer-3.3.2-cp39-cp39-musllinux_1_1_i686.whl", hash = "sha256:9f96df6923e21816da7e0ad3fd47dd8f94b2a5ce594e00677c0013018b813458"},
    {file = "charset_normalizer-3.3.2-cp39-cp39-musllinux_1_1_ppc64le.whl", hash = "sha256:7f04c839ed0b6b98b1a7501a002144b76c18fb1c1850c8b98d458ac269e26ed2"},
    {file = "charset_normalizer-3.3.2-cp39-cp39-musllinux_1_1_s390x.whl", hash = "sha256:34d1c8da1e78d2e001f363791c98a272bb734000fcef47a491c1e3b0505657a8"},
    {file = "charset_normalizer-3.3.2-cp39-cp39-musllinux_1_1_x86_64.whl", hash = "sha256:ff8fa367d09b717b2a17a052544193ad76cd49979c805768879cb63d9ca50561"},
    {file = "charset_normalizer-3.3.2-cp39-cp39-win32.whl", hash = "sha256:aed38f6e4fb3f5d6bf81bfa990a07806be9d83cf7bacef998ab1a9bd660a581f"},
    {file = "charset_normalizer-3.3.2-cp39-cp39-win_amd64.whl", hash = "sha256:b01b88d45a6fcb69667cd6d2f7a9aeb4bf53760d7fc536bf679ec94fe9f3ff3d"},
    {file = "charset_normalizer-3.3.2-py3-none-any.whl", hash = "sha256:3e4d1f6587322d2788836a99c69062fbb091331ec940e02d12d179c1d53e25fc"},
]

[[package]]
name = "colorama"
version = "0.4.6"
description = "Cross-platform colored terminal text."
optional = false
python-versions = "!=3.0.*,!=3.1.*,!=3.2.*,!=3.3.*,!=3.4.*,!=3.5.*,!=3.6.*,>=2.7"
groups = ["dev"]
markers = "sys_platform == \"win32\""
files = [
    {file = "colorama-0.4.6-py2.py3-none-any.whl", hash = "sha256:4f1d9991f5acc0ca119f9d443620b77f9d6b33703e51011c16baf57afb285fc6"},
    {file = "colorama-0.4.6.tar.gz", hash = "sha256:08695f5cb7ed6e0531a20572697297273c47b8cae5a63ffc6d6ed5c201be6e44"},
]

[[package]]
name = "heroku3"
version = "5.2.1"
description = "Heroku API Wrapper."
optional = false
python-versions = "*"
groups = ["main"]
files = [
    {file = "heroku3-5.2.1-py2.py3-none-any.whl", hash = "sha256:7a33728b5f63e44312fcd7b378ba7941299dbeb5f16413995bce97486ca65117"},
    {file = "heroku3-5.2.1.tar.gz", hash = "sha256:f3553a154e9f595734be5129edf5d91c70c4e0aa58237d1ec584c721fadd0bcf"},
]

[package.dependencies]
python-dateutil = ">=2.6.0"
requests = ">=1.2.3"

[[package]]
name = "hypothesis"
version = "6.130.0"
description = "A library for property-based testing"
optional = false
python-versions = ">=3.9"
groups = ["dev"]
files = [
    {file = "hypothesis-6.130.0-py3-none-any.whl", hash = "sha256:b75e6fc4738d2e2a1b75d151432cb06e1303de3142905cd7060ba293c18376ce"},
    {file = "hypothesis-6.130.0.tar.gz", hash = "sha256:274050b4518611500a55f7a5d0247a5359dce0107cb20f10323d6b587cc522d2"},
]

[package.dependencies]
attrs = ">=22.2.0"
sortedcontainers = ">=2.1.0,<3.0.0"

[package.extras]
all = ["black (>=19.10b0)", "click (>=7.0)", "crosshair-tool (>=0.0.83)", "django (>=4.2)", "dpcontracts (>=0.4)", "hypothesis-crosshair (>=0.0.20)", "lark (>=0.10.1)", "libcst (>=0.3.16)", "numpy (>=1.19.3)", "pandas (>=1.1)", "pytest (>=4.6)", "python-dateutil (>=1.4)", "pytz (>=2014.1)", "redis (>=3.0.0)", "rich (>=9.0.0)", "tzdata (>=2025.1) ; sys_platform == \"win32\" or sys_platform == \"emscripten\"", "watchdog (>=4.0.0)"]
cli = ["black (>=19.10b0)", "click (>=7.0)", "rich (>=9.0.0)"]
codemods = ["libcst (>=0.3.16)"]
crosshair = ["crosshair-tool (>=0.0.83)", "hypothesis-crosshair (>=0.0.20)"]
dateutil = ["python-dateutil (>=1.4)"]
django = ["django (>=4.2)"]
dpcontracts = ["dpcontracts (>=0.4)"]
ghostwriter = ["black (>=19.10b0)"]
lark = ["lark (>=0.10.1)"]
numpy = ["numpy (>=1.19.3)"]
pandas = ["pandas (>=1.1)"]
pytest = ["pytest (>=4.6)"]
pytz = ["pytz (>=2014.1)"]
redis = ["redis (>=3.0.0)"]
watchdog = ["watchdog (>=4.0.0)"]
zoneinfo = ["tzdata (>=2025.1) ; sys_platform == \"win32\" or sys_platform == \"emscripten\""]

[[package]]
name = "idna"
version = "3.6"
description = "Internationalized Domain Names in Applications (IDNA)"
optional = false
python-versions = ">=3.5"
groups = ["main"]
files = [
    {file = "idna-3.6-py3-none-any.whl", hash = "sha256:c05567e9c24a6b9faaa835c4821bad0590fbb9d5779e7caa6e1cc4978e7eb24f"},
    {file = "idna-3.6.tar.gz", hash = "sha256:9ecdbbd083b06798ae1e86adcbfe8ab1479cf864e4ee30fe4e46a003d12491ca"},
]

[[package]]
name = "iniconfig"
version = "2.0.0"
description = "brain-dead simple config-ini parsing"
optional = false
python-versions = ">=3.7"
groups = ["dev"]
files = [
    {file = "iniconfig-2.0.0-py3-none-any.whl", hash = "sha256:b6a85871a79d2e3b22d2d1b94ac2824226a63c6b741c88f7ae975f18b6778374"},
    {file = "iniconfig-2.0.0.tar.gz", hash = "sha256:2d91e135bf72d31a410b17c16da610a82cb55f6b0477d1a902134b24a455b8b3"},
]

[[package]]
name = "mypy"
version = "1.15.0"
description = "Optional static typing for Python"
optional = false
python-versions = ">=3.9"
groups = ["dev"]
files = [
    {file = "mypy-1.15.0-cp310-cp310-macosx_10_9_x86_64.whl", hash = "sha256:979e4e1a006511dacf628e36fadfecbcc0160a8af6ca7dad2f5025529e082c13"},
    {file = "mypy-1.15.0-cp310-cp310-macosx_11_0_arm64.whl", hash = "sha256:c4bb0e1bd29f7d34efcccd71cf733580191e9a264a2202b0239da95984c5b559"},
    {file = "mypy-1.15.0-cp310-cp310-manylinux_2_17_aarch64.manylinux2014_aarch64.manylinux_2_28_aarch64.whl", hash = "sha256:be68172e9fd9ad8fb876c6389f16d1c1b5f100ffa779f77b1fb2176fcc9ab95b"},
    {file = "mypy-1.15.0-cp310-cp310-manylinux_2_17_x86_64.manylinux2014_x86_64.manylinux_2_28_x86_64.whl", hash = "sha256:c7be1e46525adfa0d97681432ee9fcd61a3964c2446795714699a998d193f1a3"},
    {file = "mypy-1.15.0-cp310-cp310-musllinux_1_2_x86_64.whl", hash = "sha256:2e2c2e6d3593f6451b18588848e66260ff62ccca522dd231cd4dd59b0160668b"},
    {file = "mypy-1.15.0-cp310-cp310-win_amd64.whl", hash = "sha256:6983aae8b2f653e098edb77f893f7b6aca69f6cffb19b2cc7443f23cce5f4828"},
    {file = "mypy-1.15.0-cp311-cp311-macosx_10_9_x86_64.whl", hash = "sha256:2922d42e16d6de288022e5ca321cd0618b238cfc5570e0263e5ba0a77dbef56f"},
    {file = "mypy-1.15.0-cp311-cp311-macosx_11_0_arm64.whl", hash = "sha256:2ee2d57e01a7c35de00f4634ba1bbf015185b219e4dc5909e281016df43f5ee5"},
    {file = "mypy-1.15.0-cp311-cp311-manylinux_2_17_aarch64.manylinux2014_aarch64.manylinux_2_28_aarch64.whl", hash = "sha256:973500e0774b85d9689715feeffcc980193086551110fd678ebe1f4342fb7c5e"},
    {file = "mypy-1.15.0-cp311-cp311-manylinux_2_17_x86_64.manylinux2014_x86_64.manylinux_2_28_x86_64.whl", hash = "sha256:5a95fb17c13e29d2d5195869262f8125dfdb5c134dc8d9a9d0aecf7525b10c2c"},
    {file = "mypy-1.15.0-cp311-cp311-musllinux_1_2_x86_64.whl", hash = "sha256:1905f494bfd7d85a23a88c5d97840888a7bd516545fc5aaedff0267e0bb54e2f"},
    {file = "mypy-1.15.0-cp311-cp311-win_amd64.whl", hash = "sha256:c9817fa23833ff189db061e6d2eff49b2f3b6ed9856b4a0a73046e41932d744f"},
    {file = "mypy-1.15.0-cp312-cp312-macosx_10_13_x86_64.whl", hash = "sha256:aea39e0583d05124836ea645f412e88a5c7d0fd77a6d694b60d9b6b2d9f184fd"},
    {file = "mypy-1.15.0-cp312-cp312-macosx_11_0_arm64.whl", hash = "sha256:2f2147ab812b75e5b5499b01ade1f4a81489a147c01585cda36019102538615f"},
    {file = "mypy-1.15.0-cp312-cp312-manylinux_2_17_aarch64.manylinux2014_aarch64.manylinux_2_28_aarch64.whl", hash = "sha256:ce436f4c6d218a070048ed6a44c0bbb10cd2cc5e272b29e7845f6a2f57ee4464"},
    {file = "mypy-1.15.0-cp312-cp312-manylinux_2_17_x86_64.manylinux2014_x86_64.manylinux_2_28_x86_64.whl", hash = "sha256:8023ff13985661b50a5928fc7a5ca15f3d1affb41e5f0a9952cb68ef090b31ee"},
    {file = "mypy-1.15.0-cp312-cp312-musllinux_1_2_x86_64.whl", hash = "sha256:1124a18bc11a6a62887e3e137f37f53fbae476dc36c185d549d4f837a2a6a14e"},
    {file = "mypy-1.15.0-cp312-cp312-win_amd64.whl", hash = "sha256:171a9ca9a40cd1843abeca0e405bc1940cd9b305eaeea2dda769ba096932bb22"},
    {file = "mypy-1.15.0-cp313-cp313-macosx_10_13_x86_64.whl", hash = "sha256:93faf3fdb04768d44bf28693293f3904bbb555d076b781ad2530214ee53e3445"},
    {file = "mypy-1.15.0-cp313-cp313-macosx_11_0_arm64.whl", hash = "sha256:811aeccadfb730024c5d3e326b2fbe9249bb7413553f15499a4050f7c30e801d"},
    {file = "mypy-1.15.0-cp313-cp313-manylinux_2_17_aarch64.manylinux2014_aarch64.manylinux_2_28_aarch64.whl", hash = "sha256:98b7b9b9aedb65fe628c62a6dc57f6d5088ef2dfca37903a7d9ee374d03acca5"},
    {file = "mypy-1.15.0-cp313-cp313-manylinux_2_17_x86_64.manylinux2014_x86_64.manylinux_2_28_x86_64.whl", hash = "sha256:c43a7682e24b4f576d93072216bf56eeff70d9140241f9edec0c104d0c515036"},
    {file = "mypy-1.15.0-cp313-cp313-musllinux_1_2_x86_64.whl", hash = "sha256:baefc32840a9f00babd83251560e0ae1573e2f9d1b067719479bfb0e987c6357"},
    {file = "mypy-1.15.0-cp313-cp313-win_amd64.whl", hash = "sha256:b9378e2c00146c44793c98b8d5a61039a048e31f429fb0eb546d93f4b000bedf"},
    {file = "mypy-1.15.0-cp39-cp39-macosx_10_9_x86_64.whl", hash = "sha256:e601a7fa172c2131bff456bb3ee08a88360760d0d2f8cbd7a75a65497e2df078"},
    {file = "mypy-1.15.0-cp39-cp39-macosx_11_0_arm64.whl", hash = "sha256:712e962a6357634fef20412699a3655c610110e01cdaa6180acec7fc9f8513ba"},
    {file = "mypy-1.15.0-cp39-cp39-manylinux_2_17_aarch64.manylinux2014_aarch64.manylinux_2_28_aarch64.whl", hash = "sha256:f95579473af29ab73a10bada2f9722856792a36ec5af5399b653aa28360290a5"},
    {file = "mypy-1.15.0-cp39-cp39-manylinux_2_17_x86_64.manylinux2014_x86_64.manylinux_2_28_x86_64.whl", hash = "sha256:8f8722560a14cde92fdb1e31597760dc35f9f5524cce17836c0d22841830fd5b"},
    {file = "mypy-1.15.0-cp39-cp39-musllinux_1_2_x86_64.whl", hash = "sha256:1fbb8da62dc352133d7d7ca90ed2fb0e9d42bb1a32724c287d3c76c58cbaa9c2"},
    {file = "mypy-1.15.0-cp39-cp39-win_amd64.whl", hash = "sha256:d10d994b41fb3497719bbf866f227b3489048ea4bbbb5015357db306249f7980"},
    {file = "mypy-1.15.0-py3-none-any.whl", hash = "sha256:5469affef548bd1895d86d3bf10ce2b44e33d86923c29e4d675b3e323437ea3e"},
    {file = "mypy-1.15.0.tar.gz", hash = "sha256:404534629d51d3efea5c800ee7c42b72a6554d6c400e6a79eafe15d11341fd43"},
]

[package.dependencies]
mypy_extensions = ">=1.0.0"
typing_extensions = ">=4.6.0"

[package.extras]
dmypy = ["psutil (>=4.0)"]
faster-cache = ["orjson"]
install-types = ["pip"]
mypyc = ["setuptools (>=50)"]
reports = ["lxml"]

[[package]]
name = "mypy-extensions"
version = "1.0.0"
description = "Type system extensions for programs checked with the mypy type checker."
optional = false
python-versions = ">=3.5"
groups = ["dev"]
files = [
    {file = "mypy_extensions-1.0.0-py3-none-any.whl", hash = "sha256:4392f6c0eb8a5668a69e23d168ffa70f0be9ccfd32b5cc2d26a34ae5b844552d"},
    {file = "mypy_extensions-1.0.0.tar.gz", hash = "sha256:75dbf8955dc00442a438fc4d0666508a9a97b6bd41aa2f0ffe9d2f2725af0782"},
]

[[package]]
name = "packaging"
version = "23.2"
description = "Core utilities for Python packages"
optional = false
python-versions = ">=3.7"
groups = ["dev"]
files = [
    {file = "packaging-23.2-py3-none-any.whl", hash = "sha256:8c491190033a9af7e1d931d0b5dacc2ef47509b34dd0de67ed209b5203fc88c7"},
    {file = "packaging-23.2.tar.gz", hash = "sha256:048fb0e9405036518eaaf48a55953c750c11e1a1b68e0dd1a9d62ed0c092cfc5"},
]

[[package]]
name = "pluggy"
version = "1.5.0"
description = "plugin and hook calling mechanisms for python"
optional = false
python-versions = ">=3.8"
groups = ["dev"]
files = [
    {file = "pluggy-1.5.0-py3-none-any.whl", hash = "sha256:44e1ad92c8ca002de6377e165f3e0f1be63266ab4d554740532335b9d75ea669"},
    {file = "pluggy-1.5.0.tar.gz", hash = "sha256:2cffa88e94fdc978c4c574f15f9e59b7f4201d439195c3715ca9e2486f1d0cf1"},
]

[package.extras]
dev = ["pre-commit", "tox"]
testing = ["pytest", "pytest-benchmark"]

[[package]]
name = "pyparsing"
version = "3.2.1"
description = "pyparsing module - Classes and methods to define and execute parsing grammars"
optional = false
python-versions = ">=3.9"
groups = ["main"]
files = [
    {file = "pyparsing-3.2.1-py3-none-any.whl", hash = "sha256:506ff4f4386c4cec0590ec19e6302d3aedb992fdc02c761e90416f158dacf8e1"},
    {file = "pyparsing-3.2.1.tar.gz", hash = "sha256:61980854fd66de3a90028d679a954d5f2623e83144b5afe5ee86f43d762e5f0a"},
]

[package.extras]
diagrams = ["jinja2", "railroad-diagrams"]

[[package]]
name = "pytest"
version = "8.3.5"
description = "pytest: simple powerful testing with Python"
optional = false
python-versions = ">=3.8"
groups = ["dev"]
files = [
    {file = "pytest-8.3.5-py3-none-any.whl", hash = "sha256:c69214aa47deac29fad6c2a4f590b9c4a9fdb16a403176fe154b79c0b4d4d820"},
    {file = "pytest-8.3.5.tar.gz", hash = "sha256:f4efe70cc14e511565ac476b57c279e12a855b11f48f212af1080ef2263d3845"},
]

[package.dependencies]
colorama = {version = "*", markers = "sys_platform == \"win32\""}
iniconfig = "*"
packaging = "*"
pluggy = ">=1.5,<2"

[package.extras]
dev = ["argcomplete", "attrs (>=19.2)", "hypothesis (>=3.56)", "mock", "pygments (>=2.7.2)", "requests", "setuptools", "xmlschema"]

[[package]]
name = "python-dateutil"
version = "2.8.2"
description = "Extensions to the standard Python datetime module"
optional = false
python-versions = "!=3.0.*,!=3.1.*,!=3.2.*,>=2.7"
groups = ["main", "dev"]
files = [
    {file = "python-dateutil-2.8.2.tar.gz", hash = "sha256:0123cacc1627ae19ddf3c27a5de5bd67ee4586fbdd6440d9748f8abb483d3e86"},
    {file = "python_dateutil-2.8.2-py2.py3-none-any.whl", hash = "sha256:961d03dc3453ebbc59dbdea9e4e11c5651520a876d0f4db161e8674aae935da9"},
]

[package.dependencies]
six = ">=1.5"

[[package]]
name = "requests"
version = "2.31.0"
description = "Python HTTP for Humans."
optional = false
python-versions = ">=3.7"
groups = ["main"]
files = [
    {file = "requests-2.31.0-py3-none-any.whl", hash = "sha256:58cd2187c01e70e6e26505bca751777aa9f2ee0b7f4300988b709f44e013003f"},
    {file = "requests-2.31.0.tar.gz", hash = "sha256:942c5a758f98d790eaed1a29cb6eefc7ffb0d1cf7af05c3d2791656dbd6ad1e1"},
]

[package.dependencies]
certifi = ">=2017.4.17"
charset-normalizer = ">=2,<4"
idna = ">=2.5,<4"
urllib3 = ">=1.21.1,<3"

[package.extras]
socks = ["PySocks (>=1.5.6,!=1.5.7)"]
use-chardet-on-py3 = ["chardet (>=3.0.2,<6)"]

[[package]]
name = "ruff"
version = "0.11.1"
description = "An extremely fast Python linter and code formatter, written in Rust."
optional = false
python-versions = ">=3.7"
groups = ["dev"]
files = [
    {file = "ruff-0.11.1-py3-none-linux_armv6l.whl", hash = "sha256:9c833671aaefcbe280aa54da387264402ffbb1e513ff3420c9c7265ea56d6c5c"},
    {file = "ruff-0.11.1-py3-none-macosx_10_12_x86_64.whl", hash = "sha256:a5a57cd457764228c73066b832040728b02a3837c53c8a781a960b68129c4e0b"},
    {file = "ruff-0.11.1-py3-none-macosx_11_0_arm64.whl", hash = "sha256:da91da0d42e70cd8bda8e6687fab2afd28513a3cc9434539f4149610e63baf8f"},
    {file = "ruff-0.11.1-py3-none-manylinux_2_17_aarch64.manylinux2014_aarch64.whl", hash = "sha256:429a2e533e3a0dba2ba7e0608a736e728150aa9b6d179245aa11a1339baa968b"},
    {file = "ruff-0.11.1-py3-none-manylinux_2_17_armv7l.manylinux2014_armv7l.whl", hash = "sha256:6bbcc2984a4d5cbc0f7b10409e74a00a043be45d813e5e81eb58e707455df7f1"},
    {file = "ruff-0.11.1-py3-none-manylinux_2_17_i686.manylinux2014_i686.whl", hash = "sha256:88d9c283ebc88faa5bc23fa33f399b6d47a93f5980c92edcddf1f2127aa376b3"},
    {file = "ruff-0.11.1-py3-none-manylinux_2_17_ppc64.manylinux2014_ppc64.whl", hash = "sha256:1f2b03d504516d6b22065ce7fac2564dac15d79a6a776452dabfdd7673a45b07"},
    {file = "ruff-0.11.1-py3-none-manylinux_2_17_ppc64le.manylinux2014_ppc64le.whl", hash = "sha256:52b95a9071f5ad8552af890bd814c6a04daf5b27297ac1054e3667016f3ab739"},
    {file = "ruff-0.11.1-py3-none-manylinux_2_17_s390x.manylinux2014_s390x.whl", hash = "sha256:28e2d89e7ba8a1525cdb50bc86c07aba35e7bbeef86dad93781b14ad94dc732c"},
    {file = "ruff-0.11.1-py3-none-manylinux_2_17_x86_64.manylinux2014_x86_64.whl", hash = "sha256:e76be5a98dc6c29d85dfa72eb419e8d9276ee96ccf5c33f2b6828001907dcb17"},
    {file = "ruff-0.11.1-py3-none-musllinux_1_2_aarch64.whl", hash = "sha256:441f94c44fe250691c92382ef84f40acef290766fb3e819a9035e83eadd4dbbe"},
    {file = "ruff-0.11.1-py3-none-musllinux_1_2_armv7l.whl", hash = "sha256:62882a4cc7c0a48c2f34189bd4c7ba45f3d0efb990e02413eeb180aa042a39ca"},
    {file = "ruff-0.11.1-py3-none-musllinux_1_2_i686.whl", hash = "sha256:111dbad1706d8200a7138237b4766b45ba7ee45cc8299c02102f4327624f86a2"},
    {file = "ruff-0.11.1-py3-none-musllinux_1_2_x86_64.whl", hash = "sha256:e2df41763d7a9fd438b6b7bde7b75eb3a92ef2f4682ed2d8e4b997b5f0c76ca9"},
    {file = "ruff-0.11.1-py3-none-win32.whl", hash = "sha256:e17b85919d461583aa7e0171bb4f419a6545b261ca080984db49b1f8dced1d4b"},
    {file = "ruff-0.11.1-py3-none-win_amd64.whl", hash = "sha256:caa872941b876f7ad73abc60144f9a7f6efb575e4f91c4fc1517f0339bcea01e"},
    {file = "ruff-0.11.1-py3-none-win_arm64.whl", hash = "sha256:7aa939fa57ef6770d18bd5cf0d6de77198dd762a559bd0d4a8763bdae4c8cc16"},
    {file = "ruff-0.11.1.tar.gz", hash = "sha256:f2e209a283c9fa423e268cad015ec4fb249178608f755fb67491ff175ecbffbf"},
]

[[package]]
name = "sentry-sdk"
version = "2.23.1"
description = "Python client for Sentry (https://sentry.io)"
optional = false
python-versions = ">=3.6"
groups = ["main"]
files = [
    {file = "sentry_sdk-2.23.1-py2.py3-none-any.whl", hash = "sha256:42ef3a6cc1db3d22cb2ab24163d75b23f291ad9892b1a8c44075ce809a32b191"},
    {file = "sentry_sdk-2.23.1.tar.gz", hash = "sha256:2288320465065f3f056630ce55936426204f96f63f1208edb79e033ed03774db"},
]

[package.dependencies]
certifi = "*"
urllib3 = ">=1.26.11"

[package.extras]
aiohttp = ["aiohttp (>=3.5)"]
anthropic = ["anthropic (>=0.16)"]
arq = ["arq (>=0.23)"]
asyncpg = ["asyncpg (>=0.23)"]
beam = ["apache-beam (>=2.12)"]
bottle = ["bottle (>=0.12.13)"]
celery = ["celery (>=3)"]
celery-redbeat = ["celery-redbeat (>=2)"]
chalice = ["chalice (>=1.16.0)"]
clickhouse-driver = ["clickhouse-driver (>=0.2.0)"]
django = ["django (>=1.8)"]
falcon = ["falcon (>=1.4)"]
fastapi = ["fastapi (>=0.79.0)"]
flask = ["blinker (>=1.1)", "flask (>=0.11)", "markupsafe"]
grpcio = ["grpcio (>=1.21.1)", "protobuf (>=3.8.0)"]
http2 = ["httpcore[http2] (==1.*)"]
httpx = ["httpx (>=0.16.0)"]
huey = ["huey (>=2)"]
huggingface-hub = ["huggingface_hub (>=0.22)"]
langchain = ["langchain (>=0.0.210)"]
launchdarkly = ["launchdarkly-server-sdk (>=9.8.0)"]
litestar = ["litestar (>=2.0.0)"]
loguru = ["loguru (>=0.5)"]
openai = ["openai (>=1.0.0)", "tiktoken (>=0.3.0)"]
openfeature = ["openfeature-sdk (>=0.7.1)"]
opentelemetry = ["opentelemetry-distro (>=0.35b0)"]
opentelemetry-experimental = ["opentelemetry-distro"]
pure-eval = ["asttokens", "executing", "pure_eval"]
pymongo = ["pymongo (>=3.1)"]
pyspark = ["pyspark (>=2.4.4)"]
quart = ["blinker (>=1.1)", "quart (>=0.16.1)"]
rq = ["rq (>=0.6)"]
sanic = ["sanic (>=0.8)"]
sqlalchemy = ["sqlalchemy (>=1.2)"]
starlette = ["starlette (>=0.19.1)"]
starlite = ["starlite (>=1.48)"]
statsig = ["statsig (>=0.55.3)"]
tornado = ["tornado (>=6)"]
unleash = ["UnleashClient (>=6.0.1)"]

[[package]]
name = "six"
version = "1.16.0"
description = "Python 2 and 3 compatibility utilities"
optional = false
python-versions = ">=2.7, !=3.0.*, !=3.1.*, !=3.2.*"
groups = ["main", "dev"]
files = [
    {file = "six-1.16.0-py2.py3-none-any.whl", hash = "sha256:8abb2f1d86890a2dfb989f9a77cfcfd3e47c2a354b01111771326f8aa26e0254"},
    {file = "six-1.16.0.tar.gz", hash = "sha256:1e61c37477a1626458e36f7b1d82aa5c9b094fa4802892072e49de9c60c4c926"},
]

[[package]]
name = "sortedcontainers"
version = "2.4.0"
description = "Sorted Containers -- Sorted List, Sorted Dict, Sorted Set"
optional = false
python-versions = "*"
groups = ["dev"]
files = [
    {file = "sortedcontainers-2.4.0-py2.py3-none-any.whl", hash = "sha256:a163dcaede0f1c021485e957a39245190e74249897e2ae4b2aa38595db237ee0"},
    {file = "sortedcontainers-2.4.0.tar.gz", hash = "sha256:25caa5a06cc30b6b83d11423433f65d1f9d76c4c6a0c90e3379eaa43b9bfdb88"},
]

[[package]]
name = "time-machine"
version = "2.16.0"
description = "Travel through time in your tests."
optional = false
python-versions = ">=3.9"
groups = ["dev"]
files = [
    {file = "time_machine-2.16.0-cp310-cp310-macosx_10_9_universal2.whl", hash = "sha256:09531af59fdfb39bfd24d28bd1e837eff5a5d98318509a31b6cfd57d27801e52"},
    {file = "time_machine-2.16.0-cp310-cp310-macosx_10_9_x86_64.whl", hash = "sha256:92d0b0f3c49f34dd76eb462f0afdc61ed1cb318c06c46d03e99b44ebb489bdad"},
    {file = "time_machine-2.16.0-cp310-cp310-manylinux_2_17_aarch64.manylinux2014_aarch64.whl", hash = "sha256:7c29616e18e2349a8766d5b6817920fc74e39c00fa375d202231e9d525a1b882"},
    {file = "time_machine-2.16.0-cp310-cp310-manylinux_2_5_i686.manylinux1_i686.manylinux_2_17_i686.manylinux2014_i686.whl", hash = "sha256:c1ceb6035a64cb00650e3ab203cf3faffac18576a3f3125c24df468b784077c7"},
    {file = "time_machine-2.16.0-cp310-cp310-manylinux_2_5_x86_64.manylinux1_x86_64.manylinux_2_17_x86_64.manylinux2014_x86_64.whl", hash = "sha256:64c205ea37b8c4ba232645335fc3b75bc2d03ce30f0a34649e36cae85652ee96"},
    {file = "time_machine-2.16.0-cp310-cp310-musllinux_1_2_aarch64.whl", hash = "sha256:dfe92412bd11104c4f0fb2da68653e6c45b41f7217319a83a8b66ed4f20148b3"},
    {file = "time_machine-2.16.0-cp310-cp310-musllinux_1_2_i686.whl", hash = "sha256:d5fe7a6284e3dce87ae13a25029c53542dd27a28d151f3ef362ec4dd9c3e45fd"},
    {file = "time_machine-2.16.0-cp310-cp310-musllinux_1_2_x86_64.whl", hash = "sha256:c0fca3025266d88d1b48be162a43b7c2d91c81cc5b3bee9f01194678ffb9969a"},
    {file = "time_machine-2.16.0-cp310-cp310-win32.whl", hash = "sha256:4149e17018af07a5756a1df84aea71e6e178598c358c860c6bfec42170fa7970"},
    {file = "time_machine-2.16.0-cp310-cp310-win_amd64.whl", hash = "sha256:01bc257e9418980a4922de94775be42a966e1a082fb01a1635917f9afc7b84ca"},
    {file = "time_machine-2.16.0-cp310-cp310-win_arm64.whl", hash = "sha256:6895e3e84119594ab12847c928f619d40ae9cedd0755515dc154a5b5dc6edd9f"},
    {file = "time_machine-2.16.0-cp311-cp311-macosx_10_9_universal2.whl", hash = "sha256:8f936566ef9f09136a3d5db305961ef6d897b76b240c9ff4199144aed6dd4fe5"},
    {file = "time_machine-2.16.0-cp311-cp311-macosx_10_9_x86_64.whl", hash = "sha256:5886e23ede3478ca2a3e0a641f5d09dd784dfa9e48c96e8e5e31fc4fe77b6dc0"},
    {file = "time_machine-2.16.0-cp311-cp311-manylinux_2_17_aarch64.manylinux2014_aarch64.whl", hash = "sha256:c76caf539fa4941e1817b7c482c87c65c52a1903fea761e84525955c6106fafb"},
    {file = "time_machine-2.16.0-cp311-cp311-manylinux_2_5_i686.manylinux1_i686.manylinux_2_17_i686.manylinux2014_i686.whl", hash = "sha256:298aa423e07c8b21b991782f01d7749c871c792319c2af3e9755f9ab49033212"},
    {file = "time_machine-2.16.0-cp311-cp311-manylinux_2_5_x86_64.manylinux1_x86_64.manylinux_2_17_x86_64.manylinux2014_x86_64.whl", hash = "sha256:e3391ae9c484736850bb44ef125cbad52fe2d1b69e42c95dc88c43af8ead2cc7"},
    {file = "time_machine-2.16.0-cp311-cp311-musllinux_1_2_aarch64.whl", hash = "sha256:503e7ff507c2089699d91885fc5b9c8ff16774a7b6aff48b4dcee0c0a0685b61"},
    {file = "time_machine-2.16.0-cp311-cp311-musllinux_1_2_i686.whl", hash = "sha256:eee7b0fc4fbab2c6585ea17606c6548be83919c70deea0865409fe9fc2d8cdce"},
    {file = "time_machine-2.16.0-cp311-cp311-musllinux_1_2_x86_64.whl", hash = "sha256:9db5e5b3ccdadaafa5730c2f9db44c38b013234c9ad01f87738907e19bdba268"},
    {file = "time_machine-2.16.0-cp311-cp311-win32.whl", hash = "sha256:2552f0767bc10c9d668f108fef9b487809cdeb772439ce932e74136365c69baf"},
    {file = "time_machine-2.16.0-cp311-cp311-win_amd64.whl", hash = "sha256:12474fcdbc475aa6fe5275fe7224e685c5b9777f5939647f35980e9614ae7558"},
    {file = "time_machine-2.16.0-cp311-cp311-win_arm64.whl", hash = "sha256:ac2df0fa564356384515ed62cb6679f33f1f529435b16b0ec0f88414635dbe39"},
    {file = "time_machine-2.16.0-cp312-cp312-macosx_10_9_universal2.whl", hash = "sha256:84788f4d62a8b1bf5e499bb9b0e23ceceea21c415ad6030be6267ce3d639842f"},
    {file = "time_machine-2.16.0-cp312-cp312-macosx_10_9_x86_64.whl", hash = "sha256:15ec236b6571730236a193d9d6c11d472432fc6ab54e85eac1c16d98ddcd71bf"},
    {file = "time_machine-2.16.0-cp312-cp312-manylinux_2_17_aarch64.manylinux2014_aarch64.whl", hash = "sha256:cedc989717c8b44a3881ac3d68ab5a95820448796c550de6a2149ed1525157f0"},
    {file = "time_machine-2.16.0-cp312-cp312-manylinux_2_5_i686.manylinux1_i686.manylinux_2_17_i686.manylinux2014_i686.whl", hash = "sha256:9d26d79de1c63a8c6586c75967e09b0ff306aa7e944a1eaddb74595c9b1839ca"},
    {file = "time_machine-2.16.0-cp312-cp312-manylinux_2_5_x86_64.manylinux1_x86_64.manylinux_2_17_x86_64.manylinux2014_x86_64.whl", hash = "sha256:317b68b56a9c3731e0cf8886e0f94230727159e375988b36c60edce0ddbcb44a"},
    {file = "time_machine-2.16.0-cp312-cp312-musllinux_1_2_aarch64.whl", hash = "sha256:43e1e18279759897be3293a255d53e6b1cb0364b69d9591d0b80c51e461c94b0"},
    {file = "time_machine-2.16.0-cp312-cp312-musllinux_1_2_i686.whl", hash = "sha256:e43adb22def972a29d2b147999b56897116085777a0fea182fd93ee45730611e"},
    {file = "time_machine-2.16.0-cp312-cp312-musllinux_1_2_x86_64.whl", hash = "sha256:0c766bea27a0600e36806d628ebc4b47178b12fcdfb6c24dc0a566a9c06bfe7f"},
    {file = "time_machine-2.16.0-cp312-cp312-win32.whl", hash = "sha256:6dae82ab647d107817e013db82223e20a9853fa88543fec853ae326382d03c2e"},
    {file = "time_machine-2.16.0-cp312-cp312-win_amd64.whl", hash = "sha256:265462c77dc9576267c3c7f20707780a171a9fdbac93ac22e608c309efd68c33"},
    {file = "time_machine-2.16.0-cp312-cp312-win_arm64.whl", hash = "sha256:ef768e14768eebe3bb1196c0dece8e14c1c6991605721214a0c3c68cf77eb216"},
    {file = "time_machine-2.16.0-cp313-cp313-macosx_10_13_universal2.whl", hash = "sha256:7751bf745d54e9e8b358c0afa332815da9b8a6194b26d0fd62876ab6c4d5c9c0"},
    {file = "time_machine-2.16.0-cp313-cp313-macosx_10_13_x86_64.whl", hash = "sha256:1784edf173ca840ba154de6eed000b5727f65ab92972c2f88cec5c4d6349c5f2"},
    {file = "time_machine-2.16.0-cp313-cp313-manylinux_2_17_aarch64.manylinux2014_aarch64.whl", hash = "sha256:2f5876a5682ce1f517e55d7ace2383432627889f6f7e338b961f99d684fd9e8d"},
    {file = "time_machine-2.16.0-cp313-cp313-manylinux_2_5_i686.manylinux1_i686.manylinux_2_17_i686.manylinux2014_i686.whl", hash = "sha256:806672529a2e255cd901f244c9033767dc1fa53466d0d3e3e49565a1572a64fe"},
    {file = "time_machine-2.16.0-cp313-cp313-manylinux_2_5_x86_64.manylinux1_x86_64.manylinux_2_17_x86_64.manylinux2014_x86_64.whl", hash = "sha256:667b150fedb54acdca2a4bea5bf6da837b43e6dd12857301b48191f8803ba93f"},
    {file = "time_machine-2.16.0-cp313-cp313-musllinux_1_2_aarch64.whl", hash = "sha256:da3ae1028af240c0c46c79adf9c1acffecc6ed1701f2863b8132f5ceae6ae4b5"},
    {file = "time_machine-2.16.0-cp313-cp313-musllinux_1_2_i686.whl", hash = "sha256:520a814ea1b2706c89ab260a54023033d3015abef25c77873b83e3d7c1fafbb2"},
    {file = "time_machine-2.16.0-cp313-cp313-musllinux_1_2_x86_64.whl", hash = "sha256:8243664438bb468408b29c6865958662d75e51f79c91842d2794fa22629eb697"},
    {file = "time_machine-2.16.0-cp313-cp313-win32.whl", hash = "sha256:32d445ce20d25c60ab92153c073942b0bac9815bfbfd152ce3dcc225d15ce988"},
    {file = "time_machine-2.16.0-cp313-cp313-win_amd64.whl", hash = "sha256:f6927dda86425f97ffda36131f297b1a601c64a6ee6838bfa0e6d3149c2f0d9f"},
    {file = "time_machine-2.16.0-cp313-cp313-win_arm64.whl", hash = "sha256:4d3843143c46dddca6491a954bbd0abfd435681512ac343169560e9bab504129"},
    {file = "time_machine-2.16.0-cp39-cp39-macosx_10_9_universal2.whl", hash = "sha256:23c5283c01b4f80b7dfbc88f3d8088c06c301b94b7c35366be498c2d7b308549"},
    {file = "time_machine-2.16.0-cp39-cp39-macosx_10_9_x86_64.whl", hash = "sha256:ac95ae4529d7d85b251f9cf0f961a8a408ba285875811268f469d824a3b0b15a"},
    {file = "time_machine-2.16.0-cp39-cp39-manylinux_2_17_aarch64.manylinux2014_aarch64.whl", hash = "sha256:dfb76674db946a74f0ca6e3b81caa8265e35dafe9b7005c7d2b8dd5bbd3825cf"},
    {file = "time_machine-2.16.0-cp39-cp39-manylinux_2_5_i686.manylinux1_i686.manylinux_2_17_i686.manylinux2014_i686.whl", hash = "sha256:d0b6ff3ccde9b16bbc694a2b5facf2d8890554f3135ff626ed1429e270e3cc4f"},
    {file = "time_machine-2.16.0-cp39-cp39-manylinux_2_5_x86_64.manylinux1_x86_64.manylinux_2_17_x86_64.manylinux2014_x86_64.whl", hash = "sha256:c1906ec6e26e6b803cd6aab28d420c87285b9c209ff2a69f82d12f82278f78bb"},
    {file = "time_machine-2.16.0-cp39-cp39-musllinux_1_2_aarch64.whl", hash = "sha256:e46bd09c944ec7a20868abd2b83d7d7abdaf427775e9df3089b9226a122b340f"},
    {file = "time_machine-2.16.0-cp39-cp39-musllinux_1_2_i686.whl", hash = "sha256:cac3e2b4101db296b150cb665e5461c03621e6ede6117fc9d5048c0ec96d6e7c"},
    {file = "time_machine-2.16.0-cp39-cp39-musllinux_1_2_x86_64.whl", hash = "sha256:1e0dcc97cfec12ae306e3036746e7631cc7ef65c31889f7264c25217d4938367"},
    {file = "time_machine-2.16.0-cp39-cp39-win32.whl", hash = "sha256:c761d32d0c5d1fe5b71ac502e1bd5edec4598a7fc6f607b9b906b98e911148ce"},
    {file = "time_machine-2.16.0-cp39-cp39-win_amd64.whl", hash = "sha256:ddfab1c622342f2945942c5c2d6be327656980e8f2d2b2ce0c022d0aa3711361"},
    {file = "time_machine-2.16.0-cp39-cp39-win_arm64.whl", hash = "sha256:2e08a4015d5d1aab2cb46c780e85b33efcd5cbe880bb363b282a6972e617b8bb"},
    {file = "time_machine-2.16.0.tar.gz", hash = "sha256:4a99acc273d2f98add23a89b94d4dd9e14969c01214c8514bfa78e4e9364c7e2"},
]

[package.dependencies]
python-dateutil = "*"

[[package]]
name = "types-requests"
version = "2.32.0.20250306"
description = "Typing stubs for requests"
optional = false
python-versions = ">=3.9"
groups = ["dev"]
files = [
    {file = "types_requests-2.32.0.20250306-py3-none-any.whl", hash = "sha256:25f2cbb5c8710b2022f8bbee7b2b66f319ef14aeea2f35d80f18c9dbf3b60a0b"},
    {file = "types_requests-2.32.0.20250306.tar.gz", hash = "sha256:0962352694ec5b2f95fda877ee60a159abdf84a0fc6fdace599f20acb41a03d1"},
]

[package.dependencies]
urllib3 = ">=2"

[[package]]
name = "typing-extensions"
version = "4.8.0"
description = "Backported and Experimental Type Hints for Python 3.8+"
optional = false
python-versions = ">=3.8"
groups = ["dev"]
files = [
    {file = "typing_extensions-4.8.0-py3-none-any.whl", hash = "sha256:8f92fc8806f9a6b641eaa5318da32b44d401efaac0f6678c9bc448ba3605faa0"},
    {file = "typing_extensions-4.8.0.tar.gz", hash = "sha256:df8e4339e9cb77357558cbdbceca33c303714cf861d1eef15e1070055ae8b7ef"},
]

[[package]]
name = "urllib3"
version = "2.1.0"
description = "HTTP library with thread-safe connection pooling, file post, and more."
optional = false
python-versions = ">=3.8"
groups = ["main", "dev"]
files = [
    {file = "urllib3-2.1.0-py3-none-any.whl", hash = "sha256:55901e917a5896a349ff771be919f8bd99aff50b79fe58fec595eb37bbc56bb3"},
    {file = "urllib3-2.1.0.tar.gz", hash = "sha256:df7aa8afb0148fa78488e7899b2c59b5f4ffcfa82e6c54ccb9dd37c1d7b52d54"},
]

[package.extras]
brotli = ["brotli (>=1.0.9) ; platform_python_implementation == \"CPython\"", "brotlicffi (>=0.8.0) ; platform_python_implementation != \"CPython\""]
socks = ["pysocks (>=1.5.6,!=1.5.7,<2.0)"]
zstd = ["zstandard (>=0.18.0)"]

[metadata]
lock-version = "2.1"
python-versions = "^3.13"
content-hash = "13611521b399b0986d24453fa337536aef8709f582f9682f12edf004eea349ed"
